# This file is automatically @generated by Cargo.
# It is not intended for manual editing.
version = 4

[[package]]
name = "arena"
version = "0.1.0"

[[package]]
name = "diag"
version = "0.1.0"

[[package]]
name = "lexer"
version = "0.1.0"
dependencies = [
 "arena",
 "diag",
]

[[package]]
name = "syntax"
version = "0.1.0"
dependencies = [
 "arena",
 "diag",
 "lexer",
]

[[package]]
name = "thrax"
version = "0.1.0"
dependencies = [
 "arena",
 "diag",
 "lexer",
 "syntax",
 "types",
]

[[package]]
name = "types"
version = "0.1.0"
dependencies = [
 "arena",
 "diag",
 "syntax",
]
