# This file is automatically @generated by Cargo.
# It is not intended for manual editing.
version = 4

[[package]]
name = "cgen"
version = "0.1.0"

[[package]]
name = "frontend"
version = "0.1.0"
dependencies = [
 "utilities",
]

[[package]]
name = "interpreter"
version = "0.1.0"
dependencies = [
 "frontend",
 "utilities",
]

[[package]]
name = "thrax"
version = "0.1.0"
dependencies = [
 "frontend",
 "interpreter",
 "utilities",
]

[[package]]
name = "utilities"
version = "0.1.0"
